
Microsoft Visual Studio Solution File, Format Version 12.00
# Visual Studio Version 17
VisualStudioVersion = 17.0.31903.59
MinimumVisualStudioVersion = 10.0.40219.1
Project("{2150E333-8FDC-42A3-9474-1A3956D46DE8}") = "src", "src", "{29CE7033-FA10-4D4F-9285-06D119940C86}"
EndProject
Project("{FAE04EC0-301F-11D3-BF4B-00C04F79EFBC}") = "Oluso", "src\Core\Oluso.csproj", "{197C8646-AAF6-4C89-96AF-18F064813F6E}"
EndProject
Project("{FAE04EC0-301F-11D3-BF4B-00C04F79EFBC}") = "Tests", "tests\Tests.csproj", "{1A3FEEF3-3775-4B66-B367-F2E955CF24E9}"
EndProject
Global
	GlobalSection(SolutionConfigurationPlatforms) = preSolution
		Debug|Any CPU = Debug|Any CPU
		Release|Any CPU = Release|Any CPU
	EndGlobalSection
	GlobalSection(SolutionProperties) = preSolution
		HideSolutionNode = FALSE
	EndGlobalSection
	GlobalSection(ProjectConfigurationPlatforms) = postSolution
		{197C8646-AAF6-4C89-96AF-18F064813F6E}.Debug|Any CPU.ActiveCfg = Debug|Any CPU
		{197C8646-AAF6-4C89-96AF-18F064813F6E}.Debug|Any CPU.Build.0 = Debug|Any CPU
		{197C8646-AAF6-4C89-96AF-18F064813F6E}.Release|Any CPU.ActiveCfg = Release|Any CPU
		{197C8646-AAF6-4C89-96AF-18F064813F6E}.Release|Any CPU.Build.0 = Release|Any CPU
		{1A3FEEF3-3775-4B66-B367-F2E955CF24E9}.Debug|Any CPU.ActiveCfg = Debug|Any CPU
		{1A3FEEF3-3775-4B66-B367-F2E955CF24E9}.Debug|Any CPU.Build.0 = Debug|Any CPU
		{1A3FEEF3-3775-4B66-B367-F2E955CF24E9}.Release|Any CPU.ActiveCfg = Release|Any CPU
		{1A3FEEF3-3775-4B66-B367-F2E955CF24E9}.Release|Any CPU.Build.0 = Release|Any CPU
	EndGlobalSection
	GlobalSection(NestedProjects) = preSolution
		{197C8646-AAF6-4C89-96AF-18F064813F6E} = {29CE7033-FA10-4D4F-9285-06D119940C86}
	EndGlobalSection
EndGlobal
