
Microsoft Visual Studio Solution File, Format Version 12.00
# Visual Studio Version 17
VisualStudioVersion = 17.0.31903.59
MinimumVisualStudioVersion = 10.0.40219.1
Project("{2150E333-8FDC-42A3-9474-1A3956D46DE8}") = "src", "src", "{29CE7033-FA10-4D4F-9285-06D119940C86}"
EndProject
Project("{FAE04EC0-301F-11D3-BF4B-00C04F79EFBC}") = "Oluso", "src\Core\Oluso.csproj", "{197C8646-AAF6-4C89-96AF-18F064813F6E}"
EndProject
Project("{FAE04EC0-301F-11D3-BF4B-00C04F79EFBC}") = "Tests", "tests\Tests.csproj", "{1A3FEEF3-3775-4B66-B367-F2E955CF24E9}"
EndProject
Project("{FAE04EC0-301F-11D3-BF4B-00C04F79EFBC}") = "Oluso.Data", "src\Data\Oluso.Data.csproj", "{D723EC29-9276-478E-B722-958F8B87B88F}"
EndProject
Project("{FAE04EC0-301F-11D3-BF4B-00C04F79EFBC}") = "Oluso.Email", "src\Email\Oluso.Email.csproj", "{F338AFE2-D2F4-4F62-AB9F-FA693EAA1349}"
EndProject
Project("{FAE04EC0-301F-11D3-BF4B-00C04F79EFBC}") = "Oluso.Email.Abstractions", "src\Email.Abstractions\Oluso.Email.Abstractions.csproj", "{51154320-056E-49F1-9083-A15D8DE515B3}"
EndProject
Project("{FAE04EC0-301F-11D3-BF4B-00C04F79EFBC}") = "Oluso.Email.MailKit", "src\Email.MailKit\Oluso.Email.MailKit.csproj", "{253ADC3F-DA2C-4789-BA84-3797821C3621}"
EndProject
Project("{FAE04EC0-301F-11D3-BF4B-00C04F79EFBC}") = "Oluso.Email.NetEmail", "src\Email.NetEmail\Oluso.Email.NetEmail.csproj", "{E1A35A5F-8B10-4968-A9D1-3EBDD08C00D9}"
EndProject
Project("{FAE04EC0-301F-11D3-BF4B-00C04F79EFBC}") = "Oluso.Configuration.Abstractions", "src\Configuration.Abstractions\Oluso.Configuration.Abstractions.csproj", "{6A52BE20-F3B3-426A-AF11-861314FECC50}"
EndProject
Project("{FAE04EC0-301F-11D3-BF4B-00C04F79EFBC}") = "Oluso.Configuration.Client", "src\Configuration.Client\Oluso.Configuration.Client.csproj", "{0D1C76A4-46CC-4CDD-BC32-29556E426CDA}"
EndProject
Project("{FAE04EC0-301F-11D3-BF4B-00C04F79EFBC}") = "Oluso.Configuration.Hosting", "src\Configuration.Hosting\Oluso.Configuration.Hosting.csproj", "{5B00C3C2-9F2E-4733-953F-AB7237CB0AC1}"
EndProject
Project("{FAE04EC0-301F-11D3-BF4B-00C04F79EFBC}") = "Oluso.Logger", "src\Logger\Oluso.Logger.csproj", "{563BF272-4ED4-4D11-B30F-19451E8D083F}"
EndProject
Project("{FAE04EC0-301F-11D3-BF4B-00C04F79EFBC}") = "Oluso.Logger.Abstractions", "src\Logger.Abstractions\Oluso.Logger.Abstractions.csproj", "{752A5DC2-024D-4F49-AAA7-AEB50C2FCD5A}"
EndProject
Project("{FAE04EC0-301F-11D3-BF4B-00C04F79EFBC}") = "Oluso.Logger.Serilog", "src\Logger.Serilog\Oluso.Logger.Serilog.csproj", "{510A5F22-4D80-42D4-918B-5C82CE4F3680}"
EndProject
Project("{FAE04EC0-301F-11D3-BF4B-00C04F79EFBC}") = "Oluso.HealthCheck", "src\HealthCheck\Oluso.HealthCheck.csproj", "{0F0F9213-D40B-4513-9E5B-8DC56915C53B}"
EndProject
Project("{FAE04EC0-301F-11D3-BF4B-00C04F79EFBC}") = "Oluso.Notifier", "src\Notifier\Oluso.Notifier.csproj", "{F09CD537-68CE-4E9F-8FB6-0335C3712CB9}"
EndProject
Project("{2150E333-8FDC-42A3-9474-1A3956D46DE8}") = "samples", "samples", "{B5454EA3-F2AA-4E5D-997F-C7DB3B4E98A4}"
EndProject
Project("{2150E333-8FDC-42A3-9474-1A3956D46DE8}") = "Configuration", "Configuration", "{17A4264D-77A6-4FC5-B990-F21A4356F8F2}"
EndProject
Project("{2150E333-8FDC-42A3-9474-1A3956D46DE8}") = "Hosting", "Hosting", "{18113FAE-8B3B-487A-8F78-69512BE3E2D3}"
EndProject
Project("{FAE04EC0-301F-11D3-BF4B-00C04F79EFBC}") = "Configuration.Hosting", "docs\samples\Configuration\Hosting\Configuration.Hosting.csproj", "{FA9D762C-BE16-45B0-9325-E18AF455906B}"
EndProject
Project("{2150E333-8FDC-42A3-9474-1A3956D46DE8}") = "Client", "Client", "{4FDEC85E-0414-426D-A9E1-7B39410C3571}"
EndProject
Project("{FAE04EC0-301F-11D3-BF4B-00C04F79EFBC}") = "Configuration.Client", "docs\samples\Configuration\Client\Configuration.Client.csproj", "{254DF7FE-B228-465C-9C93-509C3F79D193}"
EndProject
Project("{2150E333-8FDC-42A3-9474-1A3956D46DE8}") = "Email", "Email", "{D4FA796B-0072-4572-9789-C616338CE0B5}"
EndProject
Project("{2150E333-8FDC-42A3-9474-1A3956D46DE8}") = "NetEmail", "NetEmail", "{0F7838C2-9C46-4432-A8E4-373410EA359A}"
EndProject
Project("{FAE04EC0-301F-11D3-BF4B-00C04F79EFBC}") = "Email.NetEmail", "docs\samples\Email\NetEmail\Email.NetEmail.csproj", "{0204B654-FF3B-411E-83FE-1543F81531E7}"
EndProject
Project("{2150E333-8FDC-42A3-9474-1A3956D46DE8}") = "MailKit", "MailKit", "{01A19B89-5E25-41D8-809B-52307DD8DB58}"
EndProject
Project("{FAE04EC0-301F-11D3-BF4B-00C04F79EFBC}") = "Email.MailKit", "docs\samples\Email\MailKit\Email.MailKit.csproj", "{F62FA931-9809-4A03-A4D0-04796C38C5B5}"
EndProject
Global
	GlobalSection(SolutionConfigurationPlatforms) = preSolution
		Debug|Any CPU = Debug|Any CPU
		Release|Any CPU = Release|Any CPU
	EndGlobalSection
	GlobalSection(SolutionProperties) = preSolution
		HideSolutionNode = FALSE
	EndGlobalSection
	GlobalSection(ProjectConfigurationPlatforms) = postSolution
		{197C8646-AAF6-4C89-96AF-18F064813F6E}.Debug|Any CPU.ActiveCfg = Debug|Any CPU
		{197C8646-AAF6-4C89-96AF-18F064813F6E}.Debug|Any CPU.Build.0 = Debug|Any CPU
		{197C8646-AAF6-4C89-96AF-18F064813F6E}.Release|Any CPU.ActiveCfg = Release|Any CPU
		{197C8646-AAF6-4C89-96AF-18F064813F6E}.Release|Any CPU.Build.0 = Release|Any CPU
		{1A3FEEF3-3775-4B66-B367-F2E955CF24E9}.Debug|Any CPU.ActiveCfg = Debug|Any CPU
		{1A3FEEF3-3775-4B66-B367-F2E955CF24E9}.Debug|Any CPU.Build.0 = Debug|Any CPU
		{1A3FEEF3-3775-4B66-B367-F2E955CF24E9}.Release|Any CPU.ActiveCfg = Release|Any CPU
		{1A3FEEF3-3775-4B66-B367-F2E955CF24E9}.Release|Any CPU.Build.0 = Release|Any CPU
		{D723EC29-9276-478E-B722-958F8B87B88F}.Debug|Any CPU.ActiveCfg = Debug|Any CPU
		{D723EC29-9276-478E-B722-958F8B87B88F}.Debug|Any CPU.Build.0 = Debug|Any CPU
		{D723EC29-9276-478E-B722-958F8B87B88F}.Release|Any CPU.ActiveCfg = Release|Any CPU
		{D723EC29-9276-478E-B722-958F8B87B88F}.Release|Any CPU.Build.0 = Release|Any CPU
		{F338AFE2-D2F4-4F62-AB9F-FA693EAA1349}.Debug|Any CPU.ActiveCfg = Debug|Any CPU
		{F338AFE2-D2F4-4F62-AB9F-FA693EAA1349}.Debug|Any CPU.Build.0 = Debug|Any CPU
		{F338AFE2-D2F4-4F62-AB9F-FA693EAA1349}.Release|Any CPU.ActiveCfg = Release|Any CPU
		{F338AFE2-D2F4-4F62-AB9F-FA693EAA1349}.Release|Any CPU.Build.0 = Release|Any CPU
		{51154320-056E-49F1-9083-A15D8DE515B3}.Debug|Any CPU.ActiveCfg = Debug|Any CPU
		{51154320-056E-49F1-9083-A15D8DE515B3}.Debug|Any CPU.Build.0 = Debug|Any CPU
		{51154320-056E-49F1-9083-A15D8DE515B3}.Release|Any CPU.ActiveCfg = Release|Any CPU
		{51154320-056E-49F1-9083-A15D8DE515B3}.Release|Any CPU.Build.0 = Release|Any CPU
		{253ADC3F-DA2C-4789-BA84-3797821C3621}.Debug|Any CPU.ActiveCfg = Debug|Any CPU
		{253ADC3F-DA2C-4789-BA84-3797821C3621}.Debug|Any CPU.Build.0 = Debug|Any CPU
		{253ADC3F-DA2C-4789-BA84-3797821C3621}.Release|Any CPU.ActiveCfg = Release|Any CPU
		{253ADC3F-DA2C-4789-BA84-3797821C3621}.Release|Any CPU.Build.0 = Release|Any CPU
		{E1A35A5F-8B10-4968-A9D1-3EBDD08C00D9}.Debug|Any CPU.ActiveCfg = Debug|Any CPU
		{E1A35A5F-8B10-4968-A9D1-3EBDD08C00D9}.Debug|Any CPU.Build.0 = Debug|Any CPU
		{E1A35A5F-8B10-4968-A9D1-3EBDD08C00D9}.Release|Any CPU.ActiveCfg = Release|Any CPU
		{E1A35A5F-8B10-4968-A9D1-3EBDD08C00D9}.Release|Any CPU.Build.0 = Release|Any CPU
		{6A52BE20-F3B3-426A-AF11-861314FECC50}.Debug|Any CPU.ActiveCfg = Debug|Any CPU
		{6A52BE20-F3B3-426A-AF11-861314FECC50}.Debug|Any CPU.Build.0 = Debug|Any CPU
		{6A52BE20-F3B3-426A-AF11-861314FECC50}.Release|Any CPU.ActiveCfg = Release|Any CPU
		{6A52BE20-F3B3-426A-AF11-861314FECC50}.Release|Any CPU.Build.0 = Release|Any CPU
		{0D1C76A4-46CC-4CDD-BC32-29556E426CDA}.Debug|Any CPU.ActiveCfg = Debug|Any CPU
		{0D1C76A4-46CC-4CDD-BC32-29556E426CDA}.Debug|Any CPU.Build.0 = Debug|Any CPU
		{0D1C76A4-46CC-4CDD-BC32-29556E426CDA}.Release|Any CPU.ActiveCfg = Release|Any CPU
		{0D1C76A4-46CC-4CDD-BC32-29556E426CDA}.Release|Any CPU.Build.0 = Release|Any CPU
		{5B00C3C2-9F2E-4733-953F-AB7237CB0AC1}.Debug|Any CPU.ActiveCfg = Debug|Any CPU
		{5B00C3C2-9F2E-4733-953F-AB7237CB0AC1}.Debug|Any CPU.Build.0 = Debug|Any CPU
		{5B00C3C2-9F2E-4733-953F-AB7237CB0AC1}.Release|Any CPU.ActiveCfg = Release|Any CPU
		{5B00C3C2-9F2E-4733-953F-AB7237CB0AC1}.Release|Any CPU.Build.0 = Release|Any CPU
		{563BF272-4ED4-4D11-B30F-19451E8D083F}.Debug|Any CPU.ActiveCfg = Debug|Any CPU
		{563BF272-4ED4-4D11-B30F-19451E8D083F}.Debug|Any CPU.Build.0 = Debug|Any CPU
		{563BF272-4ED4-4D11-B30F-19451E8D083F}.Release|Any CPU.ActiveCfg = Release|Any CPU
		{563BF272-4ED4-4D11-B30F-19451E8D083F}.Release|Any CPU.Build.0 = Release|Any CPU
		{752A5DC2-024D-4F49-AAA7-AEB50C2FCD5A}.Debug|Any CPU.ActiveCfg = Debug|Any CPU
		{752A5DC2-024D-4F49-AAA7-AEB50C2FCD5A}.Debug|Any CPU.Build.0 = Debug|Any CPU
		{752A5DC2-024D-4F49-AAA7-AEB50C2FCD5A}.Release|Any CPU.ActiveCfg = Release|Any CPU
		{752A5DC2-024D-4F49-AAA7-AEB50C2FCD5A}.Release|Any CPU.Build.0 = Release|Any CPU
		{510A5F22-4D80-42D4-918B-5C82CE4F3680}.Debug|Any CPU.ActiveCfg = Debug|Any CPU
		{510A5F22-4D80-42D4-918B-5C82CE4F3680}.Debug|Any CPU.Build.0 = Debug|Any CPU
		{510A5F22-4D80-42D4-918B-5C82CE4F3680}.Release|Any CPU.ActiveCfg = Release|Any CPU
		{510A5F22-4D80-42D4-918B-5C82CE4F3680}.Release|Any CPU.Build.0 = Release|Any CPU
		{0F0F9213-D40B-4513-9E5B-8DC56915C53B}.Debug|Any CPU.ActiveCfg = Debug|Any CPU
		{0F0F9213-D40B-4513-9E5B-8DC56915C53B}.Debug|Any CPU.Build.0 = Debug|Any CPU
		{0F0F9213-D40B-4513-9E5B-8DC56915C53B}.Release|Any CPU.ActiveCfg = Release|Any CPU
		{0F0F9213-D40B-4513-9E5B-8DC56915C53B}.Release|Any CPU.Build.0 = Release|Any CPU
		{F09CD537-68CE-4E9F-8FB6-0335C3712CB9}.Debug|Any CPU.ActiveCfg = Debug|Any CPU
		{F09CD537-68CE-4E9F-8FB6-0335C3712CB9}.Debug|Any CPU.Build.0 = Debug|Any CPU
		{F09CD537-68CE-4E9F-8FB6-0335C3712CB9}.Release|Any CPU.ActiveCfg = Release|Any CPU
		{F09CD537-68CE-4E9F-8FB6-0335C3712CB9}.Release|Any CPU.Build.0 = Release|Any CPU
		{FA9D762C-BE16-45B0-9325-E18AF455906B}.Debug|Any CPU.ActiveCfg = Debug|Any CPU
		{FA9D762C-BE16-45B0-9325-E18AF455906B}.Debug|Any CPU.Build.0 = Debug|Any CPU
		{FA9D762C-BE16-45B0-9325-E18AF455906B}.Release|Any CPU.ActiveCfg = Release|Any CPU
		{FA9D762C-BE16-45B0-9325-E18AF455906B}.Release|Any CPU.Build.0 = Release|Any CPU
		{254DF7FE-B228-465C-9C93-509C3F79D193}.Debug|Any CPU.ActiveCfg = Debug|Any CPU
		{254DF7FE-B228-465C-9C93-509C3F79D193}.Debug|Any CPU.Build.0 = Debug|Any CPU
		{254DF7FE-B228-465C-9C93-509C3F79D193}.Release|Any CPU.ActiveCfg = Release|Any CPU
		{254DF7FE-B228-465C-9C93-509C3F79D193}.Release|Any CPU.Build.0 = Release|Any CPU
		{0204B654-FF3B-411E-83FE-1543F81531E7}.Debug|Any CPU.ActiveCfg = Debug|Any CPU
		{0204B654-FF3B-411E-83FE-1543F81531E7}.Debug|Any CPU.Build.0 = Debug|Any CPU
		{0204B654-FF3B-411E-83FE-1543F81531E7}.Release|Any CPU.ActiveCfg = Release|Any CPU
		{0204B654-FF3B-411E-83FE-1543F81531E7}.Release|Any CPU.Build.0 = Release|Any CPU
		{F62FA931-9809-4A03-A4D0-04796C38C5B5}.Debug|Any CPU.ActiveCfg = Debug|Any CPU
		{F62FA931-9809-4A03-A4D0-04796C38C5B5}.Debug|Any CPU.Build.0 = Debug|Any CPU
		{F62FA931-9809-4A03-A4D0-04796C38C5B5}.Release|Any CPU.ActiveCfg = Release|Any CPU
		{F62FA931-9809-4A03-A4D0-04796C38C5B5}.Release|Any CPU.Build.0 = Release|Any CPU
	EndGlobalSection
	GlobalSection(NestedProjects) = preSolution
		{197C8646-AAF6-4C89-96AF-18F064813F6E} = {29CE7033-FA10-4D4F-9285-06D119940C86}
		{D723EC29-9276-478E-B722-958F8B87B88F} = {29CE7033-FA10-4D4F-9285-06D119940C86}
		{F338AFE2-D2F4-4F62-AB9F-FA693EAA1349} = {29CE7033-FA10-4D4F-9285-06D119940C86}
		{51154320-056E-49F1-9083-A15D8DE515B3} = {29CE7033-FA10-4D4F-9285-06D119940C86}
		{253ADC3F-DA2C-4789-BA84-3797821C3621} = {29CE7033-FA10-4D4F-9285-06D119940C86}
		{E1A35A5F-8B10-4968-A9D1-3EBDD08C00D9} = {29CE7033-FA10-4D4F-9285-06D119940C86}
		{6A52BE20-F3B3-426A-AF11-861314FECC50} = {29CE7033-FA10-4D4F-9285-06D119940C86}
		{0D1C76A4-46CC-4CDD-BC32-29556E426CDA} = {29CE7033-FA10-4D4F-9285-06D119940C86}
		{5B00C3C2-9F2E-4733-953F-AB7237CB0AC1} = {29CE7033-FA10-4D4F-9285-06D119940C86}
		{563BF272-4ED4-4D11-B30F-19451E8D083F} = {29CE7033-FA10-4D4F-9285-06D119940C86}
		{752A5DC2-024D-4F49-AAA7-AEB50C2FCD5A} = {29CE7033-FA10-4D4F-9285-06D119940C86}
		{510A5F22-4D80-42D4-918B-5C82CE4F3680} = {29CE7033-FA10-4D4F-9285-06D119940C86}
		{0F0F9213-D40B-4513-9E5B-8DC56915C53B} = {29CE7033-FA10-4D4F-9285-06D119940C86}
		{F09CD537-68CE-4E9F-8FB6-0335C3712CB9} = {29CE7033-FA10-4D4F-9285-06D119940C86}
		{17A4264D-77A6-4FC5-B990-F21A4356F8F2} = {B5454EA3-F2AA-4E5D-997F-C7DB3B4E98A4}
		{18113FAE-8B3B-487A-8F78-69512BE3E2D3} = {17A4264D-77A6-4FC5-B990-F21A4356F8F2}
		{FA9D762C-BE16-45B0-9325-E18AF455906B} = {18113FAE-8B3B-487A-8F78-69512BE3E2D3}
		{4FDEC85E-0414-426D-A9E1-7B39410C3571} = {17A4264D-77A6-4FC5-B990-F21A4356F8F2}
		{254DF7FE-B228-465C-9C93-509C3F79D193} = {4FDEC85E-0414-426D-A9E1-7B39410C3571}
		{D4FA796B-0072-4572-9789-C616338CE0B5} = {B5454EA3-F2AA-4E5D-997F-C7DB3B4E98A4}
		{0F7838C2-9C46-4432-A8E4-373410EA359A} = {D4FA796B-0072-4572-9789-C616338CE0B5}
		{0204B654-FF3B-411E-83FE-1543F81531E7} = {0F7838C2-9C46-4432-A8E4-373410EA359A}
		{01A19B89-5E25-41D8-809B-52307DD8DB58} = {D4FA796B-0072-4572-9789-C616338CE0B5}
		{F62FA931-9809-4A03-A4D0-04796C38C5B5} = {01A19B89-5E25-41D8-809B-52307DD8DB58}
	EndGlobalSection
EndGlobal
