
Microsoft Visual Studio Solution File, Format Version 12.00
# Visual Studio Version 17
VisualStudioVersion = 17.0.31903.59
MinimumVisualStudioVersion = 10.0.40219.1
Project("{2150E333-8FDC-42A3-9474-1A3956D46DE8}") = "src", "src", "{29CE7033-FA10-4D4F-9285-06D119940C86}"
EndProject
Project("{FAE04EC0-301F-11D3-BF4B-00C04F79EFBC}") = "Oluso", "src\Core\Oluso.csproj", "{197C8646-AAF6-4C89-96AF-18F064813F6E}"
EndProject
Project("{FAE04EC0-301F-11D3-BF4B-00C04F79EFBC}") = "Tests", "tests\Tests.csproj", "{1A3FEEF3-3775-4B66-B367-F2E955CF24E9}"
EndProject
Project("{FAE04EC0-301F-11D3-BF4B-00C04F79EFBC}") = "Oluso.Data", "src\Data\Oluso.Data.csproj", "{D723EC29-9276-478E-B722-958F8B87B88F}"
EndProject
Project("{FAE04EC0-301F-11D3-BF4B-00C04F79EFBC}") = "Oluso.Email", "src\Email\Oluso.Email.csproj", "{F338AFE2-D2F4-4F62-AB9F-FA693EAA1349}"
EndProject
Project("{FAE04EC0-301F-11D3-BF4B-00C04F79EFBC}") = "Oluso.Email.Abstractions", "src\Email.Abstractions\Oluso.Email.Abstractions.csproj", "{51154320-056E-49F1-9083-A15D8DE515B3}"
EndProject
Project("{FAE04EC0-301F-11D3-BF4B-00C04F79EFBC}") = "Oluso.Email.MailKit", "src\Email.MailKit\Oluso.Email.MailKit.csproj", "{253ADC3F-DA2C-4789-BA84-3797821C3621}"
EndProject
Project("{FAE04EC0-301F-11D3-BF4B-00C04F79EFBC}") = "Oluso.Email.NetEmail", "src\Email.NetEmail\Oluso.Email.NetEmail.csproj", "{E1A35A5F-8B10-4968-A9D1-3EBDD08C00D9}"
EndProject
Global
	GlobalSection(SolutionConfigurationPlatforms) = preSolution
		Debug|Any CPU = Debug|Any CPU
		Release|Any CPU = Release|Any CPU
	EndGlobalSection
	GlobalSection(SolutionProperties) = preSolution
		HideSolutionNode = FALSE
	EndGlobalSection
	GlobalSection(ProjectConfigurationPlatforms) = postSolution
		{197C8646-AAF6-4C89-96AF-18F064813F6E}.Debug|Any CPU.ActiveCfg = Debug|Any CPU
		{197C8646-AAF6-4C89-96AF-18F064813F6E}.Debug|Any CPU.Build.0 = Debug|Any CPU
		{197C8646-AAF6-4C89-96AF-18F064813F6E}.Release|Any CPU.ActiveCfg = Release|Any CPU
		{197C8646-AAF6-4C89-96AF-18F064813F6E}.Release|Any CPU.Build.0 = Release|Any CPU
		{1A3FEEF3-3775-4B66-B367-F2E955CF24E9}.Debug|Any CPU.ActiveCfg = Debug|Any CPU
		{1A3FEEF3-3775-4B66-B367-F2E955CF24E9}.Debug|Any CPU.Build.0 = Debug|Any CPU
		{1A3FEEF3-3775-4B66-B367-F2E955CF24E9}.Release|Any CPU.ActiveCfg = Release|Any CPU
		{1A3FEEF3-3775-4B66-B367-F2E955CF24E9}.Release|Any CPU.Build.0 = Release|Any CPU
		{D723EC29-9276-478E-B722-958F8B87B88F}.Debug|Any CPU.ActiveCfg = Debug|Any CPU
		{D723EC29-9276-478E-B722-958F8B87B88F}.Debug|Any CPU.Build.0 = Debug|Any CPU
		{D723EC29-9276-478E-B722-958F8B87B88F}.Release|Any CPU.ActiveCfg = Release|Any CPU
		{D723EC29-9276-478E-B722-958F8B87B88F}.Release|Any CPU.Build.0 = Release|Any CPU
		{F338AFE2-D2F4-4F62-AB9F-FA693EAA1349}.Debug|Any CPU.ActiveCfg = Debug|Any CPU
		{F338AFE2-D2F4-4F62-AB9F-FA693EAA1349}.Debug|Any CPU.Build.0 = Debug|Any CPU
		{F338AFE2-D2F4-4F62-AB9F-FA693EAA1349}.Release|Any CPU.ActiveCfg = Release|Any CPU
		{F338AFE2-D2F4-4F62-AB9F-FA693EAA1349}.Release|Any CPU.Build.0 = Release|Any CPU
		{51154320-056E-49F1-9083-A15D8DE515B3}.Debug|Any CPU.ActiveCfg = Debug|Any CPU
		{51154320-056E-49F1-9083-A15D8DE515B3}.Debug|Any CPU.Build.0 = Debug|Any CPU
		{51154320-056E-49F1-9083-A15D8DE515B3}.Release|Any CPU.ActiveCfg = Release|Any CPU
		{51154320-056E-49F1-9083-A15D8DE515B3}.Release|Any CPU.Build.0 = Release|Any CPU
		{253ADC3F-DA2C-4789-BA84-3797821C3621}.Debug|Any CPU.ActiveCfg = Debug|Any CPU
		{253ADC3F-DA2C-4789-BA84-3797821C3621}.Debug|Any CPU.Build.0 = Debug|Any CPU
		{253ADC3F-DA2C-4789-BA84-3797821C3621}.Release|Any CPU.ActiveCfg = Release|Any CPU
		{253ADC3F-DA2C-4789-BA84-3797821C3621}.Release|Any CPU.Build.0 = Release|Any CPU
		{E1A35A5F-8B10-4968-A9D1-3EBDD08C00D9}.Debug|Any CPU.ActiveCfg = Debug|Any CPU
		{E1A35A5F-8B10-4968-A9D1-3EBDD08C00D9}.Debug|Any CPU.Build.0 = Debug|Any CPU
		{E1A35A5F-8B10-4968-A9D1-3EBDD08C00D9}.Release|Any CPU.ActiveCfg = Release|Any CPU
		{E1A35A5F-8B10-4968-A9D1-3EBDD08C00D9}.Release|Any CPU.Build.0 = Release|Any CPU
	EndGlobalSection
	GlobalSection(NestedProjects) = preSolution
		{197C8646-AAF6-4C89-96AF-18F064813F6E} = {29CE7033-FA10-4D4F-9285-06D119940C86}
		{D723EC29-9276-478E-B722-958F8B87B88F} = {29CE7033-FA10-4D4F-9285-06D119940C86}
		{F338AFE2-D2F4-4F62-AB9F-FA693EAA1349} = {29CE7033-FA10-4D4F-9285-06D119940C86}
		{51154320-056E-49F1-9083-A15D8DE515B3} = {29CE7033-FA10-4D4F-9285-06D119940C86}
		{253ADC3F-DA2C-4789-BA84-3797821C3621} = {29CE7033-FA10-4D4F-9285-06D119940C86}
		{E1A35A5F-8B10-4968-A9D1-3EBDD08C00D9} = {29CE7033-FA10-4D4F-9285-06D119940C86}
	EndGlobalSection
EndGlobal
